// !$*UTF8*$!
{
	archiveVersion = 1;
	classes = {
	};
	objectVersion = 56;
	objects = {

/* Begin PBXBuildFile section */
		7AB0484C2A1DD29D00FAD3EA /* University_DirectoryApp.swift in Sources */ = {isa = PBXBuildFile; fileRef = 7AB0484B2A1DD29D00FAD3EA /* University_DirectoryApp.swift */; };
		7AB0484E2A1DD29D00FAD3EA /* ContentView.swift in Sources */ = {isa = PBXBuildFile; fileRef = 7AB0484D2A1DD29D00FAD3EA /* ContentView.swift */; };
		7AB048502A1DD29E00FAD3EA /* Assets.xcassets in Resources */ = {isa = PBXBuildFile; fileRef = 7AB0484F2A1DD29E00FAD3EA /* Assets.xcassets */; };
		7AB048532A1DD29E00FAD3EA /* Preview Assets.xcassets in Resources */ = {isa = PBXBuildFile; fileRef = 7AB048522A1DD29E00FAD3EA /* Preview Assets.xcassets */; };
		7AB0485C2A1DD3C400FAD3EA /* Country.swift in Sources */ = {isa = PBXBuildFile; fileRef = 7AB0485B2A1DD3C400FAD3EA /* Country.swift */; };
		7AB048602A1DDEA900FAD3EA /* SingleCountry.swift in Sources */ = {isa = PBXBuildFile; fileRef = 7AB0485F2A1DDEA900FAD3EA /* SingleCountry.swift */; };
		7AB048652A1DE00500FAD3EA /* Universities.swift in Sources */ = {isa = PBXBuildFile; fileRef = 7AB048642A1DE00500FAD3EA /* Universities.swift */; };
		7AB0486B2A1DFDC800FAD3EA /* SDWebImageSwiftUI in Frameworks */ = {isa = PBXBuildFile; productRef = 7AB0486A2A1DFDC800FAD3EA /* SDWebImageSwiftUI */; };
		7AB0486D2A1E157F00FAD3EA /* SingleUniversity.swift in Sources */ = {isa = PBXBuildFile; fileRef = 7AB0486C2A1E157F00FAD3EA /* SingleUniversity.swift */; };
		7AB0486F2A1E5C0800FAD3EA /* LocalStorage.swift in Sources */ = {isa = PBXBuildFile; fileRef = 7AB0486E2A1E5C0800FAD3EA /* LocalStorage.swift */; };
/* End PBXBuildFile section */

/* Begin PBXFileReference section */
		7AB048482A1DD29D00FAD3EA /* University-Directory.app */ = {isa = PBXFileReference; explicitFileType = wrapper.application; includeInIndex = 0; path = "University-Directory.app"; sourceTree = BUILT_PRODUCTS_DIR; };
		7AB0484B2A1DD29D00FAD3EA /* University_DirectoryApp.swift */ = {isa = PBXFileReference; lastKnownFileType = sourcecode.swift; path = University_DirectoryApp.swift; sourceTree = "<group>"; };
		7AB0484D2A1DD29D00FAD3EA /* ContentView.swift */ = {isa = PBXFileReference; lastKnownFileType = sourcecode.swift; path = ContentView.swift; sourceTree = "<group>"; };
		7AB0484F2A1DD29E00FAD3EA /* Assets.xcassets */ = {isa = PBXFileReference; lastKnownFileType = folder.assetcatalog; path = Assets.xcassets; sourceTree = "<group>"; };
		7AB048522A1DD29E00FAD3EA /* Preview Assets.xcassets */ = {isa = PBXFileReference; lastKnownFileType = folder.assetcatalog; path = "Preview Assets.xcassets"; sourceTree = "<group>"; };
		7AB0485B2A1DD3C400FAD3EA /* Country.swift */ = {isa = PBXFileReference; lastKnownFileType = sourcecode.swift; path = Country.swift; sourceTree = "<group>"; };
		7AB0485F2A1DDEA900FAD3EA /* SingleCountry.swift */ = {isa = PBXFileReference; lastKnownFileType = sourcecode.swift; path = SingleCountry.swift; sourceTree = "<group>"; };
		7AB048642A1DE00500FAD3EA /* Universities.swift */ = {isa = PBXFileReference; lastKnownFileType = sourcecode.swift; path = Universities.swift; sourceTree = "<group>"; };
		7AB048662A1DE54000FAD3EA /* Info.plist */ = {isa = PBXFileReference; lastKnownFileType = text.plist; path = Info.plist; sourceTree = "<group>"; };
		7AB0486C2A1E157F00FAD3EA /* SingleUniversity.swift */ = {isa = PBXFileReference; lastKnownFileType = sourcecode.swift; path = SingleUniversity.swift; sourceTree = "<group>"; };
		7AB0486E2A1E5C0800FAD3EA /* LocalStorage.swift */ = {isa = PBXFileReference; lastKnownFileType = sourcecode.swift; path = LocalStorage.swift; sourceTree = "<group>"; };
/* End PBXFileReference section */

/* Begin PBXFrameworksBuildPhase section */
		7AB048452A1DD29D00FAD3EA /* Frameworks */ = {
			isa = PBXFrameworksBuildPhase;
			buildActionMask = 2147483647;
			files = (
				7AB0486B2A1DFDC800FAD3EA /* SDWebImageSwiftUI in Frameworks */,
			);
			runOnlyForDeploymentPostprocessing = 0;
		};
/* End PBXFrameworksBuildPhase section */

/* Begin PBXGroup section */
		7AB0483F2A1DD29D00FAD3EA = {
			isa = PBXGroup;
			children = (
				7AB0484A2A1DD29D00FAD3EA /* University-Directory */,
				7AB048492A1DD29D00FAD3EA /* Products */,
			);
			sourceTree = "<group>";
		};
		7AB048492A1DD29D00FAD3EA /* Products */ = {
			isa = PBXGroup;
			children = (
				7AB048482A1DD29D00FAD3EA /* University-Directory.app */,
			);
			name = Products;
			sourceTree = "<group>";
		};
		7AB0484A2A1DD29D00FAD3EA /* University-Directory */ = {
			isa = PBXGroup;
			children = (
				7AB048662A1DE54000FAD3EA /* Info.plist */,
				7AB048612A1DDF2700FAD3EA /* Services */,
				7AB0484B2A1DD29D00FAD3EA /* University_DirectoryApp.swift */,
				7AB0485A2A1DD3AB00FAD3EA /* Data */,
				7AB048592A1DD32300FAD3EA /* Views */,
				7AB0484F2A1DD29E00FAD3EA /* Assets.xcassets */,
				7AB048512A1DD29E00FAD3EA /* Preview Content */,
			);
			path = "University-Directory";
			sourceTree = "<group>";
		};
		7AB048512A1DD29E00FAD3EA /* Preview Content */ = {
			isa = PBXGroup;
			children = (
				7AB048522A1DD29E00FAD3EA /* Preview Assets.xcassets */,
			);
			path = "Preview Content";
			sourceTree = "<group>";
		};
		7AB048592A1DD32300FAD3EA /* Views */ = {
			isa = PBXGroup;
			children = (
				7AB0484D2A1DD29D00FAD3EA /* ContentView.swift */,
				7AB0485F2A1DDEA900FAD3EA /* SingleCountry.swift */,
				7AB0486C2A1E157F00FAD3EA /* SingleUniversity.swift */,
			);
			path = Views;
			sourceTree = "<group>";
		};
		7AB0485A2A1DD3AB00FAD3EA /* Data */ = {
			isa = PBXGroup;
			children = (
				7AB0485B2A1DD3C400FAD3EA /* Country.swift */,
				7AB048642A1DE00500FAD3EA /* Universities.swift */,
			);
			path = Data;
			sourceTree = "<group>";
		};
		7AB048612A1DDF2700FAD3EA /* Services */ = {
			isa = PBXGroup;
			children = (
				7AB0486E2A1E5C0800FAD3EA /* LocalStorage.swift */,
			);
			path = Services;
			sourceTree = "<group>";
		};
/* End PBXGroup section */

/* Begin PBXNativeTarget section */
		7AB048472A1DD29D00FAD3EA /* University-Directory */ = {
			isa = PBXNativeTarget;
			buildConfigurationList = 7AB048562A1DD29E00FAD3EA /* Build configuration list for PBXNativeTarget "University-Directory" */;
			buildPhases = (
				7AB048442A1DD29D00FAD3EA /* Sources */,
				7AB048452A1DD29D00FAD3EA /* Frameworks */,
				7AB048462A1DD29D00FAD3EA /* Resources */,
			);
			buildRules = (
			);
			dependencies = (
			);
			name = "University-Directory";
			packageProductDependencies = (
				7AB0486A2A1DFDC800FAD3EA /* SDWebImageSwiftUI */,
			);
			productName = "University-Directory";
			productReference = 7AB048482A1DD29D00FAD3EA /* University-Directory.app */;
			productType = "com.apple.product-type.application";
		};
/* End PBXNativeTarget section */

/* Begin PBXProject section */
		7AB048402A1DD29D00FAD3EA /* Project object */ = {
			isa = PBXProject;
			attributes = {
				BuildIndependentTargetsInParallel = 1;
				LastSwiftUpdateCheck = 1430;
				LastUpgradeCheck = 1430;
				TargetAttributes = {
					7AB048472A1DD29D00FAD3EA = {
						CreatedOnToolsVersion = 14.3;
					};
				};
			};
			buildConfigurationList = 7AB048432A1DD29D00FAD3EA /* Build configuration list for PBXProject "University-Directory" */;
			compatibilityVersion = "Xcode 14.0";
			developmentRegion = en;
			hasScannedForEncodings = 0;
			knownRegions = (
				en,
				Base,
			);
			mainGroup = 7AB0483F2A1DD29D00FAD3EA;
			packageReferences = (
				7AB048692A1DFDC800FAD3EA /* XCRemoteSwiftPackageReference "SDWebImageSwiftUI" */,
			);
			productRefGroup = 7AB048492A1DD29D00FAD3EA /* Products */;
			projectDirPath = "";
			projectRoot = "";
			targets = (
				7AB048472A1DD29D00FAD3EA /* University-Directory */,
			);
		};
/* End PBXProject section */

/* Begin PBXResourcesBuildPhase section */
		7AB048462A1DD29D00FAD3EA /* Resources */ = {
			isa = PBXResourcesBuildPhase;
			buildActionMask = 2147483647;
			files = (
				7AB048532A1DD29E00FAD3EA /* Preview Assets.xcassets in Resources */,
				7AB048502A1DD29E00FAD3EA /* Assets.xcassets in Resources */,
			);
			runOnlyForDeploymentPostprocessing = 0;
		};
/* End PBXResourcesBuildPhase section */

/* Begin PBXSourcesBuildPhase section */
		7AB048442A1DD29D00FAD3EA /* Sources */ = {
			isa = PBXSourcesBuildPhase;
			buildActionMask = 2147483647;
			files = (
				7AB048602A1DDEA900FAD3EA /* SingleCountry.swift in Sources */,
				7AB0484E2A1DD29D00FAD3EA /* ContentView.swift in Sources */,
				7AB0485C2A1DD3C400FAD3EA /* Country.swift in Sources */,
				7AB048652A1DE00500FAD3EA /* Universities.swift in Sources */,
				7AB0484C2A1DD29D00FAD3EA /* University_DirectoryApp.swift in Sources */,
				7AB0486F2A1E5C0800FAD3EA /* LocalStorage.swift in Sources */,
				7AB0486D2A1E157F00FAD3EA /* SingleUniversity.swift in Sources */,
			);
			runOnlyForDeploymentPostprocessing = 0;
		};
/* End PBXSourcesBuildPhase section */

/* Begin XCBuildConfiguration section */
		7AB048542A1DD29E00FAD3EA /* Debug */ = {
			isa = XCBuildConfiguration;
			buildSettings = {
				ALWAYS_SEARCH_USER_PATHS = NO;
				CLANG_ANALYZER_NONNULL = YES;
				CLANG_ANALYZER_NUMBER_OBJECT_CONVERSION = YES_AGGRESSIVE;
				CLANG_CXX_LANGUAGE_STANDARD = "gnu++20";
				CLANG_ENABLE_MODULES = YES;
				CLANG_ENABLE_OBJC_ARC = YES;
				CLANG_ENABLE_OBJC_WEAK = YES;
				CLANG_WARN_BLOCK_CAPTURE_AUTORELEASING = YES;
				CLANG_WARN_BOOL_CONVERSION = YES;
				CLANG_WARN_COMMA = YES;
				CLANG_WARN_CONSTANT_CONVERSION = YES;
				CLANG_WARN_DEPRECATED_OBJC_IMPLEMENTATIONS = YES;
				CLANG_WARN_DIRECT_OBJC_ISA_USAGE = YES_ERROR;
				CLANG_WARN_DOCUMENTATION_COMMENTS = YES;
				CLANG_WARN_EMPTY_BODY = YES;
				CLANG_WARN_ENUM_CONVERSION = YES;
				CLANG_WARN_INFINITE_RECURSION = YES;
				CLANG_WARN_INT_CONVERSION = YES;
				CLANG_WARN_NON_LITERAL_NULL_CONVERSION = YES;
				CLANG_WARN_OBJC_IMPLICIT_RETAIN_SELF = YES;
				CLANG_WARN_OBJC_LITERAL_CONVERSION = YES;
				CLANG_WARN_OBJC_ROOT_CLASS = YES_ERROR;
				CLANG_WARN_QUOTED_INCLUDE_IN_FRAMEWORK_HEADER = YES;
				CLANG_WARN_RANGE_LOOP_ANALYSIS = YES;
				CLANG_WARN_STRICT_PROTOTYPES = YES;
				CLANG_WARN_SUSPICIOUS_MOVE = YES;
				CLANG_WARN_UNGUARDED_AVAILABILITY = YES_AGGRESSIVE;
				CLANG_WARN_UNREACHABLE_CODE = YES;
				CLANG_WARN__DUPLICATE_METHOD_MATCH = YES;
				COPY_PHASE_STRIP = NO;
				DEBUG_INFORMATION_FORMAT = dwarf;
				ENABLE_STRICT_OBJC_MSGSEND = YES;
				ENABLE_TESTABILITY = YES;
				GCC_C_LANGUAGE_STANDARD = gnu11;
				GCC_DYNAMIC_NO_PIC = NO;
				GCC_NO_COMMON_BLOCKS = YES;
				GCC_OPTIMIZATION_LEVEL = 0;
				GCC_PREPROCESSOR_DEFINITIONS = (
					"DEBUG=1",
					"$(inherited)",
				);
				GCC_WARN_64_TO_32_BIT_CONVERSION = YES;
				GCC_WARN_ABOUT_RETURN_TYPE = YES_ERROR;
				GCC_WARN_UNDECLARED_SELECTOR = YES;
				GCC_WARN_UNINITIALIZED_AUTOS = YES_AGGRESSIVE;
				GCC_WARN_UNUSED_FUNCTION = YES;
				GCC_WARN_UNUSED_VARIABLE = YES;
				IPHONEOS_DEPLOYMENT_TARGET = 16.4;
				MTL_ENABLE_DEBUG_INFO = INCLUDE_SOURCE;
				MTL_FAST_MATH = YES;
				ONLY_ACTIVE_ARCH = YES;
				SDKROOT = iphoneos;
				SWIFT_ACTIVE_COMPILATION_CONDITIONS = DEBUG;
				SWIFT_OPTIMIZATION_LEVEL = "-Onone";
			};
			name = Debug;
		};
		7AB048552A1DD29E00FAD3EA /* Release */ = {
			isa = XCBuildConfiguration;
			buildSettings = {
				ALWAYS_SEARCH_USER_PATHS = NO;
				CLANG_ANALYZER_NONNULL = YES;
				CLANG_ANALYZER_NUMBER_OBJECT_CONVERSION = YES_AGGRESSIVE;
				CLANG_CXX_LANGUAGE_STANDARD = "gnu++20";
				CLANG_ENABLE_MODULES = YES;
				CLANG_ENABLE_OBJC_ARC = YES;
				CLANG_ENABLE_OBJC_WEAK = YES;
				CLANG_WARN_BLOCK_CAPTURE_AUTORELEASING = YES;
				CLANG_WARN_BOOL_CONVERSION = YES;
				CLANG_WARN_COMMA = YES;
				CLANG_WARN_CONSTANT_CONVERSION = YES;
				CLANG_WARN_DEPRECATED_OBJC_IMPLEMENTATIONS = YES;
				CLANG_WARN_DIRECT_OBJC_ISA_USAGE = YES_ERROR;
				CLANG_WARN_DOCUMENTATION_COMMENTS = YES;
				CLANG_WARN_EMPTY_BODY = YES;
				CLANG_WARN_ENUM_CONVERSION = YES;
				CLANG_WARN_INFINITE_RECURSION = YES;
				CLANG_WARN_INT_CONVERSION = YES;
				CLANG_WARN_NON_LITERAL_NULL_CONVERSION = YES;
				CLANG_WARN_OBJC_IMPLICIT_RETAIN_SELF = YES;
				CLANG_WARN_OBJC_LITERAL_CONVERSION = YES;
				CLANG_WARN_OBJC_ROOT_CLASS = YES_ERROR;
				CLANG_WARN_QUOTED_INCLUDE_IN_FRAMEWORK_HEADER = YES;
				CLANG_WARN_RANGE_LOOP_ANALYSIS = YES;
				CLANG_WARN_STRICT_PROTOTYPES = YES;
				CLANG_WARN_SUSPICIOUS_MOVE = YES;
				CLANG_WARN_UNGUARDED_AVAILABILITY = YES_AGGRESSIVE;
				CLANG_WARN_UNREACHABLE_CODE = YES;
				CLANG_WARN__DUPLICATE_METHOD_MATCH = YES;
				COPY_PHASE_STRIP = NO;
				DEBUG_INFORMATION_FORMAT = "dwarf-with-dsym";
				ENABLE_NS_ASSERTIONS = NO;
				ENABLE_STRICT_OBJC_MSGSEND = YES;
				GCC_C_LANGUAGE_STANDARD = gnu11;
				GCC_NO_COMMON_BLOCKS = YES;
				GCC_WARN_64_TO_32_BIT_CONVERSION = YES;
				GCC_WARN_ABOUT_RETURN_TYPE = YES_ERROR;
				GCC_WARN_UNDECLARED_SELECTOR = YES;
				GCC_WARN_UNINITIALIZED_AUTOS = YES_AGGRESSIVE;
				GCC_WARN_UNUSED_FUNCTION = YES;
				GCC_WARN_UNUSED_VARIABLE = YES;
				IPHONEOS_DEPLOYMENT_TARGET = 16.4;
				MTL_ENABLE_DEBUG_INFO = NO;
				MTL_FAST_MATH = YES;
				SDKROOT = iphoneos;
				SWIFT_COMPILATION_MODE = wholemodule;
				SWIFT_OPTIMIZATION_LEVEL = "-O";
				VALIDATE_PRODUCT = YES;
			};
			name = Release;
		};
		7AB048572A1DD29E00FAD3EA /* Debug */ = {
			isa = XCBuildConfiguration;
			buildSettings = {
				ASSETCATALOG_COMPILER_APPICON_NAME = AppIcon;
				ASSETCATALOG_COMPILER_GLOBAL_ACCENT_COLOR_NAME = AccentColor;
				CODE_SIGN_STYLE = Automatic;
				CURRENT_PROJECT_VERSION = 1;
				DEVELOPMENT_ASSET_PATHS = "\"University-Directory/Preview Content\"";
				DEVELOPMENT_TEAM = 7SVXUY55A3;
				ENABLE_PREVIEWS = YES;
				GENERATE_INFOPLIST_FILE = YES;
				INFOPLIST_FILE = "University-Directory/Info.plist";
				INFOPLIST_KEY_UIApplicationSceneManifest_Generation = YES;
				INFOPLIST_KEY_UIApplicationSupportsIndirectInputEvents = YES;
				INFOPLIST_KEY_UILaunchScreen_Generation = YES;
				INFOPLIST_KEY_UISupportedInterfaceOrientations_iPad = "UIInterfaceOrientationPortrait UIInterfaceOrientationPortraitUpsideDown UIInterfaceOrientationLandscapeLeft UIInterfaceOrientationLandscapeRight";
				INFOPLIST_KEY_UISupportedInterfaceOrientations_iPhone = "UIInterfaceOrientationPortrait UIInterfaceOrientationLandscapeLeft UIInterfaceOrientationLandscapeRight";
				LD_RUNPATH_SEARCH_PATHS = (
					"$(inherited)",
					"@executable_path/Frameworks",
				);
				MARKETING_VERSION = 1.0;
				PRODUCT_BUNDLE_IDENTIFIER = "com.app.ios.University-Directory";
				PRODUCT_NAME = "$(TARGET_NAME)";
				SWIFT_EMIT_LOC_STRINGS = YES;
				SWIFT_VERSION = 5.0;
				TARGETED_DEVICE_FAMILY = "1,2";
			};
			name = Debug;
		};
		7AB048582A1DD29E00FAD3EA /* Release */ = {
			isa = XCBuildConfiguration;
			buildSettings = {
				ASSETCATALOG_COMPILER_APPICON_NAME = AppIcon;
				ASSETCATALOG_COMPILER_GLOBAL_ACCENT_COLOR_NAME = AccentColor;
				CODE_SIGN_STYLE = Automatic;
				CURRENT_PROJECT_VERSION = 1;
				DEVELOPMENT_ASSET_PATHS = "\"University-Directory/Preview Content\"";
				DEVELOPMENT_TEAM = 7SVXUY55A3;
				ENABLE_PREVIEWS = YES;
				GENERATE_INFOPLIST_FILE = YES;
				INFOPLIST_FILE = "University-Directory/Info.plist";
				INFOPLIST_KEY_UIApplicationSceneManifest_Generation = YES;
				INFOPLIST_KEY_UIApplicationSupportsIndirectInputEvents = YES;
				INFOPLIST_KEY_UILaunchScreen_Generation = YES;
				INFOPLIST_KEY_UISupportedInterfaceOrientations_iPad = "UIInterfaceOrientationPortrait UIInterfaceOrientationPortraitUpsideDown UIInterfaceOrientationLandscapeLeft UIInterfaceOrientationLandscapeRight";
				INFOPLIST_KEY_UISupportedInterfaceOrientations_iPhone = "UIInterfaceOrientationPortrait UIInterfaceOrientationLandscapeLeft UIInterfaceOrientationLandscapeRight";
				LD_RUNPATH_SEARCH_PATHS = (
					"$(inherited)",
					"@executable_path/Frameworks",
				);
				MARKETING_VERSION = 1.0;
				PRODUCT_BUNDLE_IDENTIFIER = "com.app.ios.University-Directory";
				PRODUCT_NAME = "$(TARGET_NAME)";
				SWIFT_EMIT_LOC_STRINGS = YES;
				SWIFT_VERSION = 5.0;
				TARGETED_DEVICE_FAMILY = "1,2";
			};
			name = Release;
		};
/* End XCBuildConfiguration section */

/* Begin XCConfigurationList section */
		7AB048432A1DD29D00FAD3EA /* Build configuration list for PBXProject "University-Directory" */ = {
			isa = XCConfigurationList;
			buildConfigurations = (
				7AB048542A1DD29E00FAD3EA /* Debug */,
				7AB048552A1DD29E00FAD3EA /* Release */,
			);
			defaultConfigurationIsVisible = 0;
			defaultConfigurationName = Release;
		};
		7AB048562A1DD29E00FAD3EA /* Build configuration list for PBXNativeTarget "University-Directory" */ = {
			isa = XCConfigurationList;
			buildConfigurations = (
				7AB048572A1DD29E00FAD3EA /* Debug */,
				7AB048582A1DD29E00FAD3EA /* Release */,
			);
			defaultConfigurationIsVisible = 0;
			defaultConfigurationName = Release;
		};
/* End XCConfigurationList section */

/* Begin XCRemoteSwiftPackageReference section */
		7AB048692A1DFDC800FAD3EA /* XCRemoteSwiftPackageReference "SDWebImageSwiftUI" */ = {
			isa = XCRemoteSwiftPackageReference;
			repositoryURL = "https://github.com/SDWebImage/SDWebImageSwiftUI.git";
			requirement = {
				kind = upToNextMajorVersion;
				minimumVersion = 2.0.0;
			};
		};
/* End XCRemoteSwiftPackageReference section */

/* Begin XCSwiftPackageProductDependency section */
		7AB0486A2A1DFDC800FAD3EA /* SDWebImageSwiftUI */ = {
			isa = XCSwiftPackageProductDependency;
			package = 7AB048692A1DFDC800FAD3EA /* XCRemoteSwiftPackageReference "SDWebImageSwiftUI" */;
			productName = SDWebImageSwiftUI;
		};
/* End XCSwiftPackageProductDependency section */
	};
	rootObject = 7AB048402A1DD29D00FAD3EA /* Project object */;
}
